
Microsoft Visual Studio Solution File, Format Version 12.00
# Visual Studio 14
VisualStudioVersion = 14.0.25420.1
MinimumVisualStudioVersion = 10.0.40219.1
Project("{FAE04EC0-301F-11D3-BF4B-00C04F79EFBC}") = "ICP", "ICP\ICP.csproj", "{F3597961-A3B4-4108-BF80-CD7A332F3F5F}"
EndProject
Project("{FAE04EC0-301F-11D3-BF4B-00C04F79EFBC}") = "ICPDataModel", "ICPDataModel\ICPDataModel.csproj", "{BF6EEDBB-EFB5-425B-9365-861679487DE9}"
EndProject
Project("{FAE04EC0-301F-11D3-BF4B-00C04F79EFBC}") = "ICPDataAccess", "ICPDataAccess\ICPDataAccess.csproj", "{74FBCBB9-6BF5-4F50-AEFB-99C49A425B98}"
EndProject
Project("{FAE04EC0-301F-11D3-BF4B-00C04F79EFBC}") = "ICPGraphs", "ICPGraphs\ICPGraphs.csproj", "{E1DD32F4-57D1-496D-8F10-60534F7FFA51}"
EndProject
Project("{FAE04EC0-301F-11D3-BF4B-00C04F79EFBC}") = "SWMXPCI", "SWMXPCI\SWMXPCI.csproj", "{1C1ABF7D-B3E9-4658-90E0-1534F003F3B0}"
EndProject
Project("{FAE04EC0-301F-11D3-BF4B-00C04F79EFBC}") = "CrearDocumentoPDF", "CrearDocumentoPDF\CrearDocumentoPDF.csproj", "{41D9D479-13A0-4637-B873-AEE3FE09F6A6}"
EndProject
Global
	GlobalSection(SolutionConfigurationPlatforms) = preSolution
		Debug|Any CPU = Debug|Any CPU
		Debug|x64 = Debug|x64
		Debug|x86 = Debug|x86
		Release|Any CPU = Release|Any CPU
		Release|x64 = Release|x64
		Release|x86 = Release|x86
	EndGlobalSection
	GlobalSection(ProjectConfigurationPlatforms) = postSolution
		{F3597961-A3B4-4108-BF80-CD7A332F3F5F}.Debug|Any CPU.ActiveCfg = Debug|Any CPU
		{F3597961-A3B4-4108-BF80-CD7A332F3F5F}.Debug|Any CPU.Build.0 = Debug|Any CPU
		{F3597961-A3B4-4108-BF80-CD7A332F3F5F}.Debug|x64.ActiveCfg = Debug|x64
		{F3597961-A3B4-4108-BF80-CD7A332F3F5F}.Debug|x64.Build.0 = Debug|x64
		{F3597961-A3B4-4108-BF80-CD7A332F3F5F}.Debug|x86.ActiveCfg = Debug|x86
		{F3597961-A3B4-4108-BF80-CD7A332F3F5F}.Debug|x86.Build.0 = Debug|x86
		{F3597961-A3B4-4108-BF80-CD7A332F3F5F}.Release|Any CPU.ActiveCfg = Release|Any CPU
		{F3597961-A3B4-4108-BF80-CD7A332F3F5F}.Release|Any CPU.Build.0 = Release|Any CPU
		{F3597961-A3B4-4108-BF80-CD7A332F3F5F}.Release|x64.ActiveCfg = Release|x64
		{F3597961-A3B4-4108-BF80-CD7A332F3F5F}.Release|x64.Build.0 = Release|x64
		{F3597961-A3B4-4108-BF80-CD7A332F3F5F}.Release|x86.ActiveCfg = Release|x86
		{F3597961-A3B4-4108-BF80-CD7A332F3F5F}.Release|x86.Build.0 = Release|x86
		{BF6EEDBB-EFB5-425B-9365-861679487DE9}.Debug|Any CPU.ActiveCfg = Debug|Any CPU
		{BF6EEDBB-EFB5-425B-9365-861679487DE9}.Debug|Any CPU.Build.0 = Debug|Any CPU
		{BF6EEDBB-EFB5-425B-9365-861679487DE9}.Debug|x64.ActiveCfg = Debug|Any CPU
		{BF6EEDBB-EFB5-425B-9365-861679487DE9}.Debug|x64.Build.0 = Debug|Any CPU
		{BF6EEDBB-EFB5-425B-9365-861679487DE9}.Debug|x86.ActiveCfg = Debug|Any CPU
		{BF6EEDBB-EFB5-425B-9365-861679487DE9}.Debug|x86.Build.0 = Debug|Any CPU
		{BF6EEDBB-EFB5-425B-9365-861679487DE9}.Release|Any CPU.ActiveCfg = Release|Any CPU
		{BF6EEDBB-EFB5-425B-9365-861679487DE9}.Release|Any CPU.Build.0 = Release|Any CPU
		{BF6EEDBB-EFB5-425B-9365-861679487DE9}.Release|x64.ActiveCfg = Release|Any CPU
		{BF6EEDBB-EFB5-425B-9365-861679487DE9}.Release|x64.Build.0 = Release|Any CPU
		{BF6EEDBB-EFB5-425B-9365-861679487DE9}.Release|x86.ActiveCfg = Release|Any CPU
		{BF6EEDBB-EFB5-425B-9365-861679487DE9}.Release|x86.Build.0 = Release|Any CPU
		{74FBCBB9-6BF5-4F50-AEFB-99C49A425B98}.Debug|Any CPU.ActiveCfg = Debug|Any CPU
		{74FBCBB9-6BF5-4F50-AEFB-99C49A425B98}.Debug|Any CPU.Build.0 = Debug|Any CPU
		{74FBCBB9-6BF5-4F50-AEFB-99C49A425B98}.Debug|x64.ActiveCfg = Debug|Any CPU
		{74FBCBB9-6BF5-4F50-AEFB-99C49A425B98}.Debug|x64.Build.0 = Debug|Any CPU
		{74FBCBB9-6BF5-4F50-AEFB-99C49A425B98}.Debug|x86.ActiveCfg = Debug|Any CPU
		{74FBCBB9-6BF5-4F50-AEFB-99C49A425B98}.Debug|x86.Build.0 = Debug|Any CPU
		{74FBCBB9-6BF5-4F50-AEFB-99C49A425B98}.Release|Any CPU.ActiveCfg = Release|Any CPU
		{74FBCBB9-6BF5-4F50-AEFB-99C49A425B98}.Release|Any CPU.Build.0 = Release|Any CPU
		{74FBCBB9-6BF5-4F50-AEFB-99C49A425B98}.Release|x64.ActiveCfg = Release|Any CPU
		{74FBCBB9-6BF5-4F50-AEFB-99C49A425B98}.Release|x64.Build.0 = Release|Any CPU
		{74FBCBB9-6BF5-4F50-AEFB-99C49A425B98}.Release|x86.ActiveCfg = Release|Any CPU
		{74FBCBB9-6BF5-4F50-AEFB-99C49A425B98}.Release|x86.Build.0 = Release|Any CPU
		{E1DD32F4-57D1-496D-8F10-60534F7FFA51}.Debug|Any CPU.ActiveCfg = Debug|Any CPU
		{E1DD32F4-57D1-496D-8F10-60534F7FFA51}.Debug|Any CPU.Build.0 = Debug|Any CPU
		{E1DD32F4-57D1-496D-8F10-60534F7FFA51}.Debug|x64.ActiveCfg = Debug|Any CPU
		{E1DD32F4-57D1-496D-8F10-60534F7FFA51}.Debug|x64.Build.0 = Debug|Any CPU
		{E1DD32F4-57D1-496D-8F10-60534F7FFA51}.Debug|x86.ActiveCfg = Debug|Any CPU
		{E1DD32F4-57D1-496D-8F10-60534F7FFA51}.Debug|x86.Build.0 = Debug|Any CPU
		{E1DD32F4-57D1-496D-8F10-60534F7FFA51}.Release|Any CPU.ActiveCfg = Release|Any CPU
		{E1DD32F4-57D1-496D-8F10-60534F7FFA51}.Release|Any CPU.Build.0 = Release|Any CPU
		{E1DD32F4-57D1-496D-8F10-60534F7FFA51}.Release|x64.ActiveCfg = Release|Any CPU
		{E1DD32F4-57D1-496D-8F10-60534F7FFA51}.Release|x64.Build.0 = Release|Any CPU
		{E1DD32F4-57D1-496D-8F10-60534F7FFA51}.Release|x86.ActiveCfg = Release|Any CPU
		{E1DD32F4-57D1-496D-8F10-60534F7FFA51}.Release|x86.Build.0 = Release|Any CPU
		{1C1ABF7D-B3E9-4658-90E0-1534F003F3B0}.Debug|Any CPU.ActiveCfg = Debug|Any CPU
		{1C1ABF7D-B3E9-4658-90E0-1534F003F3B0}.Debug|Any CPU.Build.0 = Debug|Any CPU
		{1C1ABF7D-B3E9-4658-90E0-1534F003F3B0}.Debug|x64.ActiveCfg = Debug|Any CPU
		{1C1ABF7D-B3E9-4658-90E0-1534F003F3B0}.Debug|x64.Build.0 = Debug|Any CPU
		{1C1ABF7D-B3E9-4658-90E0-1534F003F3B0}.Debug|x86.ActiveCfg = Debug|Any CPU
		{1C1ABF7D-B3E9-4658-90E0-1534F003F3B0}.Debug|x86.Build.0 = Debug|Any CPU
		{1C1ABF7D-B3E9-4658-90E0-1534F003F3B0}.Release|Any CPU.ActiveCfg = Release|Any CPU
		{1C1ABF7D-B3E9-4658-90E0-1534F003F3B0}.Release|Any CPU.Build.0 = Release|Any CPU
		{1C1ABF7D-B3E9-4658-90E0-1534F003F3B0}.Release|x64.ActiveCfg = Release|Any CPU
		{1C1ABF7D-B3E9-4658-90E0-1534F003F3B0}.Release|x64.Build.0 = Release|Any CPU
		{1C1ABF7D-B3E9-4658-90E0-1534F003F3B0}.Release|x86.ActiveCfg = Release|Any CPU
		{1C1ABF7D-B3E9-4658-90E0-1534F003F3B0}.Release|x86.Build.0 = Release|Any CPU
		{41D9D479-13A0-4637-B873-AEE3FE09F6A6}.Debug|Any CPU.ActiveCfg = Debug|Any CPU
		{41D9D479-13A0-4637-B873-AEE3FE09F6A6}.Debug|Any CPU.Build.0 = Debug|Any CPU
		{41D9D479-13A0-4637-B873-AEE3FE09F6A6}.Debug|x64.ActiveCfg = Debug|Any CPU
		{41D9D479-13A0-4637-B873-AEE3FE09F6A6}.Debug|x64.Build.0 = Debug|Any CPU
		{41D9D479-13A0-4637-B873-AEE3FE09F6A6}.Debug|x86.ActiveCfg = Debug|Any CPU
		{41D9D479-13A0-4637-B873-AEE3FE09F6A6}.Debug|x86.Build.0 = Debug|Any CPU
		{41D9D479-13A0-4637-B873-AEE3FE09F6A6}.Release|Any CPU.ActiveCfg = Release|Any CPU
		{41D9D479-13A0-4637-B873-AEE3FE09F6A6}.Release|Any CPU.Build.0 = Release|Any CPU
		{41D9D479-13A0-4637-B873-AEE3FE09F6A6}.Release|x64.ActiveCfg = Release|Any CPU
		{41D9D479-13A0-4637-B873-AEE3FE09F6A6}.Release|x64.Build.0 = Release|Any CPU
		{41D9D479-13A0-4637-B873-AEE3FE09F6A6}.Release|x86.ActiveCfg = Release|Any CPU
		{41D9D479-13A0-4637-B873-AEE3FE09F6A6}.Release|x86.Build.0 = Release|Any CPU
	EndGlobalSection
	GlobalSection(SolutionProperties) = preSolution
		HideSolutionNode = FALSE
	EndGlobalSection
EndGlobal
